// !$*UTF8*$!
{
	archiveVersion = 1;
	classes = {
	};
	objectVersion = 46;
	objects = {

/* Begin PBXBuildFile section */
		7128F2A41E14059100FF2BCE /* RepoVars.swift in Sources */ = {isa = PBXBuildFile; fileRef = 7128F2A31E14059100FF2BCE /* RepoVars.swift */; };
		7128F2A61E14172100FF2BCE /* VCTableDelegate.swift in Sources */ = {isa = PBXBuildFile; fileRef = 7128F2A51E14172100FF2BCE /* VCTableDelegate.swift */; };
		7128F2A81E14172E00FF2BCE /* VCTableDataSource.swift in Sources */ = {isa = PBXBuildFile; fileRef = 7128F2A71E14172E00FF2BCE /* VCTableDataSource.swift */; };
		7128F2AA1E141BC900FF2BCE /* VCTableViewCell.swift in Sources */ = {isa = PBXBuildFile; fileRef = 7128F2A91E141BC900FF2BCE /* VCTableViewCell.swift */; };
		7128F2AC1E14240700FF2BCE /* MaterialView.swift in Sources */ = {isa = PBXBuildFile; fileRef = 7128F2AB1E14240700FF2BCE /* MaterialView.swift */; };
		712B7B471E13E6AA00BAB3AB /* AASquaresLoading.swift in Sources */ = {isa = PBXBuildFile; fileRef = 712B7B461E13E6AA00BAB3AB /* AASquaresLoading.swift */; };
		712B7B4C1E13E99300BAB3AB /* ParseData.swift in Sources */ = {isa = PBXBuildFile; fileRef = 712B7B4B1E13E99300BAB3AB /* ParseData.swift */; };
		712B7B4E1E13FC0F00BAB3AB /* Constants.swift in Sources */ = {isa = PBXBuildFile; fileRef = 712B7B4D1E13FC0F00BAB3AB /* Constants.swift */; };
		71546D571E13E22D006D80FB /* AppDelegate.swift in Sources */ = {isa = PBXBuildFile; fileRef = 71546D561E13E22D006D80FB /* AppDelegate.swift */; };
		71546D591E13E22D006D80FB /* ViewController.swift in Sources */ = {isa = PBXBuildFile; fileRef = 71546D581E13E22D006D80FB /* ViewController.swift */; };
		71546D5C1E13E22D006D80FB /* Main.storyboard in Resources */ = {isa = PBXBuildFile; fileRef = 71546D5A1E13E22D006D80FB /* Main.storyboard */; };
		71546D5E1E13E22D006D80FB /* Assets.xcassets in Resources */ = {isa = PBXBuildFile; fileRef = 71546D5D1E13E22D006D80FB /* Assets.xcassets */; };
		71546D611E13E22D006D80FB /* LaunchScreen.storyboard in Resources */ = {isa = PBXBuildFile; fileRef = 71546D5F1E13E22D006D80FB /* LaunchScreen.storyboard */; };
		716923021E147CB200C95896 /* VCTapGesture.swift in Sources */ = {isa = PBXBuildFile; fileRef = 716923011E147CB200C95896 /* VCTapGesture.swift */; };
		BCE0EDEDB730D999709F7ADA /* Pods_AppsSquareTask.framework in Frameworks */ = {isa = PBXBuildFile; fileRef = AF806D3E009B52D5D97B7499 /* Pods_AppsSquareTask.framework */; };
/* End PBXBuildFile section */

/* Begin PBXFileReference section */
		37717086111D46D87C7D9F68 /* Pods-AppsSquareTask.debug.xcconfig */ = {isa = PBXFileReference; includeInIndex = 1; lastKnownFileType = text.xcconfig; name = "Pods-AppsSquareTask.debug.xcconfig"; path = "Pods/Target Support Files/Pods-AppsSquareTask/Pods-AppsSquareTask.debug.xcconfig"; sourceTree = "<group>"; };
		7128F2A31E14059100FF2BCE /* RepoVars.swift */ = {isa = PBXFileReference; fileEncoding = 4; lastKnownFileType = sourcecode.swift; path = RepoVars.swift; sourceTree = "<group>"; };
		7128F2A51E14172100FF2BCE /* VCTableDelegate.swift */ = {isa = PBXFileReference; fileEncoding = 4; lastKnownFileType = sourcecode.swift; path = VCTableDelegate.swift; sourceTree = "<group>"; };
		7128F2A71E14172E00FF2BCE /* VCTableDataSource.swift */ = {isa = PBXFileReference; fileEncoding = 4; lastKnownFileType = sourcecode.swift; path = VCTableDataSource.swift; sourceTree = "<group>"; };
		7128F2A91E141BC900FF2BCE /* VCTableViewCell.swift */ = {isa = PBXFileReference; fileEncoding = 4; lastKnownFileType = sourcecode.swift; path = VCTableViewCell.swift; sourceTree = "<group>"; };
		7128F2AB1E14240700FF2BCE /* MaterialView.swift */ = {isa = PBXFileReference; fileEncoding = 4; lastKnownFileType = sourcecode.swift; path = MaterialView.swift; sourceTree = "<group>"; };
		712B7B461E13E6AA00BAB3AB /* AASquaresLoading.swift */ = {isa = PBXFileReference; fileEncoding = 4; lastKnownFileType = sourcecode.swift; path = AASquaresLoading.swift; sourceTree = "<group>"; };
		712B7B4B1E13E99300BAB3AB /* ParseData.swift */ = {isa = PBXFileReference; fileEncoding = 4; lastKnownFileType = sourcecode.swift; path = ParseData.swift; sourceTree = "<group>"; };
		712B7B4D1E13FC0F00BAB3AB /* Constants.swift */ = {isa = PBXFileReference; fileEncoding = 4; lastKnownFileType = sourcecode.swift; path = Constants.swift; sourceTree = "<group>"; };
		71546D531E13E22D006D80FB /* AppsSquareTask.app */ = {isa = PBXFileReference; explicitFileType = wrapper.application; includeInIndex = 0; path = AppsSquareTask.app; sourceTree = BUILT_PRODUCTS_DIR; };
		71546D561E13E22D006D80FB /* AppDelegate.swift */ = {isa = PBXFileReference; lastKnownFileType = sourcecode.swift; path = AppDelegate.swift; sourceTree = "<group>"; };
		71546D581E13E22D006D80FB /* ViewController.swift */ = {isa = PBXFileReference; lastKnownFileType = sourcecode.swift; path = ViewController.swift; sourceTree = "<group>"; };
		71546D5B1E13E22D006D80FB /* Base */ = {isa = PBXFileReference; lastKnownFileType = file.storyboard; name = Base; path = Base.lproj/Main.storyboard; sourceTree = "<group>"; };
		71546D5D1E13E22D006D80FB /* Assets.xcassets */ = {isa = PBXFileReference; lastKnownFileType = folder.assetcatalog; path = Assets.xcassets; sourceTree = "<group>"; };
		71546D601E13E22D006D80FB /* Base */ = {isa = PBXFileReference; lastKnownFileType = file.storyboard; name = Base; path = Base.lproj/LaunchScreen.storyboard; sourceTree = "<group>"; };
		71546D621E13E22D006D80FB /* Info.plist */ = {isa = PBXFileReference; lastKnownFileType = text.plist.xml; path = Info.plist; sourceTree = "<group>"; };
		716923011E147CB200C95896 /* VCTapGesture.swift */ = {isa = PBXFileReference; fileEncoding = 4; lastKnownFileType = sourcecode.swift; path = VCTapGesture.swift; sourceTree = "<group>"; };
		AF806D3E009B52D5D97B7499 /* Pods_AppsSquareTask.framework */ = {isa = PBXFileReference; explicitFileType = wrapper.framework; includeInIndex = 0; path = Pods_AppsSquareTask.framework; sourceTree = BUILT_PRODUCTS_DIR; };
		CE5404A0637441D1D2B9433D /* Pods-AppsSquareTask.release.xcconfig */ = {isa = PBXFileReference; includeInIndex = 1; lastKnownFileType = text.xcconfig; name = "Pods-AppsSquareTask.release.xcconfig"; path = "Pods/Target Support Files/Pods-AppsSquareTask/Pods-AppsSquareTask.release.xcconfig"; sourceTree = "<group>"; };
/* End PBXFileReference section */

/* Begin PBXFrameworksBuildPhase section */
		71546D501E13E22D006D80FB /* Frameworks */ = {
			isa = PBXFrameworksBuildPhase;
			buildActionMask = 2147483647;
			files = (
				BCE0EDEDB730D999709F7ADA /* Pods_AppsSquareTask.framework in Frameworks */,
			);
			runOnlyForDeploymentPostprocessing = 0;
		};
/* End PBXFrameworksBuildPhase section */

/* Begin PBXGroup section */
		0E521FDC82DD20303B990527 /* Frameworks */ = {
			isa = PBXGroup;
			children = (
				AF806D3E009B52D5D97B7499 /* Pods_AppsSquareTask.framework */,
			);
			name = Frameworks;
			sourceTree = "<group>";
		};
		712B7B451E13E68A00BAB3AB /* Others */ = {
			isa = PBXGroup;
			children = (
				7128F2AB1E14240700FF2BCE /* MaterialView.swift */,
				712B7B461E13E6AA00BAB3AB /* AASquaresLoading.swift */,
			);
			name = Others;
			sourceTree = "<group>";
		};
		712B7B481E13E93000BAB3AB /* M */ = {
			isa = PBXGroup;
			children = (
				712B7B4D1E13FC0F00BAB3AB /* Constants.swift */,
				712B7B4B1E13E99300BAB3AB /* ParseData.swift */,
				7128F2A31E14059100FF2BCE /* RepoVars.swift */,
			);
			name = M;
			sourceTree = "<group>";
		};
		712B7B491E13E94200BAB3AB /* V */ = {
			isa = PBXGroup;
			children = (
				7128F2A91E141BC900FF2BCE /* VCTableViewCell.swift */,
			);
			name = V;
			sourceTree = "<group>";
		};
		712B7B4A1E13E95800BAB3AB /* C */ = {
			isa = PBXGroup;
			children = (
				71546D581E13E22D006D80FB /* ViewController.swift */,
				716923011E147CB200C95896 /* VCTapGesture.swift */,
				7128F2A71E14172E00FF2BCE /* VCTableDataSource.swift */,
				7128F2A51E14172100FF2BCE /* VCTableDelegate.swift */,
			);
			name = C;
			sourceTree = "<group>";
		};
		71546D4A1E13E22D006D80FB = {
			isa = PBXGroup;
			children = (
				71546D551E13E22D006D80FB /* AppsSquareTask */,
				71546D541E13E22D006D80FB /* Products */,
				C4F46BF5F37AA38EA435D432 /* Pods */,
				0E521FDC82DD20303B990527 /* Frameworks */,
			);
			sourceTree = "<group>";
		};
		71546D541E13E22D006D80FB /* Products */ = {
			isa = PBXGroup;
			children = (
				71546D531E13E22D006D80FB /* AppsSquareTask.app */,
			);
			name = Products;
			sourceTree = "<group>";
		};
		71546D551E13E22D006D80FB /* AppsSquareTask */ = {
			isa = PBXGroup;
			children = (
				71546D561E13E22D006D80FB /* AppDelegate.swift */,
				712B7B481E13E93000BAB3AB /* M */,
				712B7B491E13E94200BAB3AB /* V */,
				712B7B4A1E13E95800BAB3AB /* C */,
				71546D5A1E13E22D006D80FB /* Main.storyboard */,
				71546D5D1E13E22D006D80FB /* Assets.xcassets */,
				71546D5F1E13E22D006D80FB /* LaunchScreen.storyboard */,
				71546D621E13E22D006D80FB /* Info.plist */,
				712B7B451E13E68A00BAB3AB /* Others */,
			);
			path = AppsSquareTask;
			sourceTree = "<group>";
		};
		C4F46BF5F37AA38EA435D432 /* Pods */ = {
			isa = PBXGroup;
			children = (
				37717086111D46D87C7D9F68 /* Pods-AppsSquareTask.debug.xcconfig */,
				CE5404A0637441D1D2B9433D /* Pods-AppsSquareTask.release.xcconfig */,
			);
			name = Pods;
			sourceTree = "<group>";
		};
/* End PBXGroup section */

/* Begin PBXNativeTarget section */
		71546D521E13E22D006D80FB /* AppsSquareTask */ = {
			isa = PBXNativeTarget;
			buildConfigurationList = 71546D651E13E22D006D80FB /* Build configuration list for PBXNativeTarget "AppsSquareTask" */;
			buildPhases = (
				91288124A88CC8635642DEFF /* [CP] Check Pods Manifest.lock */,
				71546D4F1E13E22D006D80FB /* Sources */,
				71546D501E13E22D006D80FB /* Frameworks */,
				71546D511E13E22D006D80FB /* Resources */,
				BCB49BD058188213BCBB185F /* [CP] Embed Pods Frameworks */,
				172D502E1910F9CAB6284781 /* [CP] Copy Pods Resources */,
			);
			buildRules = (
			);
			dependencies = (
			);
			name = AppsSquareTask;
			productName = AppsSquareTask;
			productReference = 71546D531E13E22D006D80FB /* AppsSquareTask.app */;
			productType = "com.apple.product-type.application";
		};
/* End PBXNativeTarget section */

/* Begin PBXProject section */
		71546D4B1E13E22D006D80FB /* Project object */ = {
			isa = PBXProject;
			attributes = {
				LastSwiftUpdateCheck = 0800;
				LastUpgradeCheck = 0800;
				ORGANIZATIONNAME = Killvak;
				TargetAttributes = {
					71546D521E13E22D006D80FB = {
						CreatedOnToolsVersion = 8.0;
						DevelopmentTeam = YKSLKY2D83;
						LastSwiftMigration = 0800;
						ProvisioningStyle = Automatic;
					};
				};
			};
			buildConfigurationList = 71546D4E1E13E22D006D80FB /* Build configuration list for PBXProject "AppsSquareTask" */;
			compatibilityVersion = "Xcode 3.2";
			developmentRegion = English;
			hasScannedForEncodings = 0;
			knownRegions = (
				en,
				Base,
			);
			mainGroup = 71546D4A1E13E22D006D80FB;
			productRefGroup = 71546D541E13E22D006D80FB /* Products */;
			projectDirPath = "";
			projectRoot = "";
			targets = (
				71546D521E13E22D006D80FB /* AppsSquareTask */,
			);
		};
/* End PBXProject section */

/* Begin PBXResourcesBuildPhase section */
		71546D511E13E22D006D80FB /* Resources */ = {
			isa = PBXResourcesBuildPhase;
			buildActionMask = 2147483647;
			files = (
				71546D611E13E22D006D80FB /* LaunchScreen.storyboard in Resources */,
				71546D5E1E13E22D006D80FB /* Assets.xcassets in Resources */,
				71546D5C1E13E22D006D80FB /* Main.storyboard in Resources */,
			);
			runOnlyForDeploymentPostprocessing = 0;
		};
/* End PBXResourcesBuildPhase section */

/* Begin PBXShellScriptBuildPhase section */
		172D502E1910F9CAB6284781 /* [CP] Copy Pods Resources */ = {
			isa = PBXShellScriptBuildPhase;
			buildActionMask = 2147483647;
			files = (
			);
			inputPaths = (
			);
			name = "[CP] Copy Pods Resources";
			outputPaths = (
			);
			runOnlyForDeploymentPostprocessing = 0;
			shellPath = /bin/sh;
			shellScript = "\"${SRCROOT}/Pods/Target Support Files/Pods-AppsSquareTask/Pods-AppsSquareTask-resources.sh\"\n";
			showEnvVarsInLog = 0;
		};
		91288124A88CC8635642DEFF /* [CP] Check Pods Manifest.lock */ = {
			isa = PBXShellScriptBuildPhase;
			buildActionMask = 2147483647;
			files = (
			);
			inputPaths = (
			);
			name = "[CP] Check Pods Manifest.lock";
			outputPaths = (
			);
			runOnlyForDeploymentPostprocessing = 0;
			shellPath = /bin/sh;
			shellScript = "diff \"${PODS_ROOT}/../Podfile.lock\" \"${PODS_ROOT}/Manifest.lock\" > /dev/null\nif [[ $? != 0 ]] ; then\n    cat << EOM\nerror: The sandbox is not in sync with the Podfile.lock. Run 'pod install' or update your CocoaPods installation.\nEOM\n    exit 1\nfi\n";
			showEnvVarsInLog = 0;
		};
		BCB49BD058188213BCBB185F /* [CP] Embed Pods Frameworks */ = {
			isa = PBXShellScriptBuildPhase;
			buildActionMask = 2147483647;
			files = (
			);
			inputPaths = (
			);
			name = "[CP] Embed Pods Frameworks";
			outputPaths = (
			);
			runOnlyForDeploymentPostprocessing = 0;
			shellPath = /bin/sh;
			shellScript = "\"${SRCROOT}/Pods/Target Support Files/Pods-AppsSquareTask/Pods-AppsSquareTask-frameworks.sh\"\n";
			showEnvVarsInLog = 0;
		};
/* End PBXShellScriptBuildPhase section */

/* Begin PBXSourcesBuildPhase section */
		71546D4F1E13E22D006D80FB /* Sources */ = {
			isa = PBXSourcesBuildPhase;
			buildActionMask = 2147483647;
			files = (
				712B7B4E1E13FC0F00BAB3AB /* Constants.swift in Sources */,
				7128F2A41E14059100FF2BCE /* RepoVars.swift in Sources */,
				71546D591E13E22D006D80FB /* ViewController.swift in Sources */,
				7128F2AA1E141BC900FF2BCE /* VCTableViewCell.swift in Sources */,
				7128F2A61E14172100FF2BCE /* VCTableDelegate.swift in Sources */,
				7128F2A81E14172E00FF2BCE /* VCTableDataSource.swift in Sources */,
				712B7B471E13E6AA00BAB3AB /* AASquaresLoading.swift in Sources */,
				7128F2AC1E14240700FF2BCE /* MaterialView.swift in Sources */,
				71546D571E13E22D006D80FB /* AppDelegate.swift in Sources */,
				712B7B4C1E13E99300BAB3AB /* ParseData.swift in Sources */,
				716923021E147CB200C95896 /* VCTapGesture.swift in Sources */,
			);
			runOnlyForDeploymentPostprocessing = 0;
		};
/* End PBXSourcesBuildPhase section */

/* Begin PBXVariantGroup section */
		71546D5A1E13E22D006D80FB /* Main.storyboard */ = {
			isa = PBXVariantGroup;
			children = (
				71546D5B1E13E22D006D80FB /* Base */,
			);
			name = Main.storyboard;
			sourceTree = "<group>";
		};
		71546D5F1E13E22D006D80FB /* LaunchScreen.storyboard */ = {
			isa = PBXVariantGroup;
			children = (
				71546D601E13E22D006D80FB /* Base */,
			);
			name = LaunchScreen.storyboard;
			sourceTree = "<group>";
		};
/* End PBXVariantGroup section */

/* Begin XCBuildConfiguration section */
		71546D631E13E22D006D80FB /* Debug */ = {
			isa = XCBuildConfiguration;
			buildSettings = {
				ALWAYS_SEARCH_USER_PATHS = NO;
				CLANG_ANALYZER_NONNULL = YES;
				CLANG_CXX_LANGUAGE_STANDARD = "gnu++0x";
				CLANG_CXX_LIBRARY = "libc++";
				CLANG_ENABLE_MODULES = YES;
				CLANG_ENABLE_OBJC_ARC = YES;
				CLANG_WARN_BOOL_CONVERSION = YES;
				CLANG_WARN_CONSTANT_CONVERSION = YES;
				CLANG_WARN_DIRECT_OBJC_ISA_USAGE = YES_ERROR;
				CLANG_WARN_DOCUMENTATION_COMMENTS = YES;
				CLANG_WARN_EMPTY_BODY = YES;
				CLANG_WARN_ENUM_CONVERSION = YES;
				CLANG_WARN_INFINITE_RECURSION = YES;
				CLANG_WARN_INT_CONVERSION = YES;
				CLANG_WARN_OBJC_ROOT_CLASS = YES_ERROR;
				CLANG_WARN_SUSPICIOUS_MOVES = YES;
				CLANG_WARN_UNREACHABLE_CODE = YES;
				CLANG_WARN__DUPLICATE_METHOD_MATCH = YES;
				"CODE_SIGN_IDENTITY[sdk=iphoneos*]" = "iPhone Developer";
				COPY_PHASE_STRIP = NO;
				DEBUG_INFORMATION_FORMAT = dwarf;
				ENABLE_STRICT_OBJC_MSGSEND = YES;
				ENABLE_TESTABILITY = YES;
				GCC_C_LANGUAGE_STANDARD = gnu99;
				GCC_DYNAMIC_NO_PIC = NO;
				GCC_NO_COMMON_BLOCKS = YES;
				GCC_OPTIMIZATION_LEVEL = 0;
				GCC_PREPROCESSOR_DEFINITIONS = (
					"DEBUG=1",
					"$(inherited)",
				);
				GCC_WARN_64_TO_32_BIT_CONVERSION = YES;
				GCC_WARN_ABOUT_RETURN_TYPE = YES_ERROR;
				GCC_WARN_UNDECLARED_SELECTOR = YES;
				GCC_WARN_UNINITIALIZED_AUTOS = YES_AGGRESSIVE;
				GCC_WARN_UNUSED_FUNCTION = YES;
				GCC_WARN_UNUSED_VARIABLE = YES;
				IPHONEOS_DEPLOYMENT_TARGET = 9.0;
				MTL_ENABLE_DEBUG_INFO = YES;
				ONLY_ACTIVE_ARCH = YES;
				SDKROOT = iphoneos;
				SWIFT_ACTIVE_COMPILATION_CONDITIONS = DEBUG;
				SWIFT_OPTIMIZATION_LEVEL = "-Onone";
				TARGETED_DEVICE_FAMILY = "1,2";
			};
			name = Debug;
		};
		71546D641E13E22D006D80FB /* Release */ = {
			isa = XCBuildConfiguration;
			buildSettings = {
				ALWAYS_SEARCH_USER_PATHS = NO;
				CLANG_ANALYZER_NONNULL = YES;
				CLANG_CXX_LANGUAGE_STANDARD = "gnu++0x";
				CLANG_CXX_LIBRARY = "libc++";
				CLANG_ENABLE_MODULES = YES;
				CLANG_ENABLE_OBJC_ARC = YES;
				CLANG_WARN_BOOL_CONVERSION = YES;
				CLANG_WARN_CONSTANT_CONVERSION = YES;
				CLANG_WARN_DIRECT_OBJC_ISA_USAGE = YES_ERROR;
				CLANG_WARN_DOCUMENTATION_COMMENTS = YES;
				CLANG_WARN_EMPTY_BODY = YES;
				CLANG_WARN_ENUM_CONVERSION = YES;
				CLANG_WARN_INFINITE_RECURSION = YES;
				CLANG_WARN_INT_CONVERSION = YES;
				CLANG_WARN_OBJC_ROOT_CLASS = YES_ERROR;
				CLANG_WARN_SUSPICIOUS_MOVES = YES;
				CLANG_WARN_UNREACHABLE_CODE = YES;
				CLANG_WARN__DUPLICATE_METHOD_MATCH = YES;
				"CODE_SIGN_IDENTITY[sdk=iphoneos*]" = "iPhone Developer";
				COPY_PHASE_STRIP = NO;
				DEBUG_INFORMATION_FORMAT = "dwarf-with-dsym";
				ENABLE_NS_ASSERTIONS = NO;
				ENABLE_STRICT_OBJC_MSGSEND = YES;
				GCC_C_LANGUAGE_STANDARD = gnu99;
				GCC_NO_COMMON_BLOCKS = YES;
				GCC_WARN_64_TO_32_BIT_CONVERSION = YES;
				GCC_WARN_ABOUT_RETURN_TYPE = YES_ERROR;
				GCC_WARN_UNDECLARED_SELECTOR = YES;
				GCC_WARN_UNINITIALIZED_AUTOS = YES_AGGRESSIVE;
				GCC_WARN_UNUSED_FUNCTION = YES;
				GCC_WARN_UNUSED_VARIABLE = YES;
				IPHONEOS_DEPLOYMENT_TARGET = 9.0;
				MTL_ENABLE_DEBUG_INFO = NO;
				SDKROOT = iphoneos;
				SWIFT_OPTIMIZATION_LEVEL = "-Owholemodule";
				TARGETED_DEVICE_FAMILY = "1,2";
				VALIDATE_PRODUCT = YES;
			};
			name = Release;
		};
		71546D661E13E22D006D80FB /* Debug */ = {
			isa = XCBuildConfiguration;
			baseConfigurationReference = 37717086111D46D87C7D9F68 /* Pods-AppsSquareTask.debug.xcconfig */;
			buildSettings = {
				ASSETCATALOG_COMPILER_APPICON_NAME = AppIcon;
				DEVELOPMENT_TEAM = YKSLKY2D83;
				INFOPLIST_FILE = AppsSquareTask/Info.plist;
				LD_RUNPATH_SEARCH_PATHS = "$(inherited) @executable_path/Frameworks";
				PRODUCT_BUNDLE_IDENTIFIER = com.ZeOwls.AppsSquareTask;
				PRODUCT_NAME = "$(TARGET_NAME)";
				SWIFT_VERSION = 3.0;
			};
			name = Debug;
		};
		71546D671E13E22D006D80FB /* Release */ = {
			isa = XCBuildConfiguration;
			baseConfigurationReference = CE5404A0637441D1D2B9433D /* Pods-AppsSquareTask.release.xcconfig */;
			buildSettings = {
				ASSETCATALOG_COMPILER_APPICON_NAME = AppIcon;
				DEVELOPMENT_TEAM = YKSLKY2D83;
				INFOPLIST_FILE = AppsSquareTask/Info.plist;
				LD_RUNPATH_SEARCH_PATHS = "$(inherited) @executable_path/Frameworks";
				PRODUCT_BUNDLE_IDENTIFIER = com.ZeOwls.AppsSquareTask;
				PRODUCT_NAME = "$(TARGET_NAME)";
				SWIFT_VERSION = 3.0;
			};
			name = Release;
		};
/* End XCBuildConfiguration section */

/* Begin XCConfigurationList section */
		71546D4E1E13E22D006D80FB /* Build configuration list for PBXProject "AppsSquareTask" */ = {
			isa = XCConfigurationList;
			buildConfigurations = (
				71546D631E13E22D006D80FB /* Debug */,
				71546D641E13E22D006D80FB /* Release */,
			);
			defaultConfigurationIsVisible = 0;
			defaultConfigurationName = Release;
		};
		71546D651E13E22D006D80FB /* Build configuration list for PBXNativeTarget "AppsSquareTask" */ = {
			isa = XCConfigurationList;
			buildConfigurations = (
				71546D661E13E22D006D80FB /* Debug */,
				71546D671E13E22D006D80FB /* Release */,
			);
			defaultConfigurationIsVisible = 0;
			defaultConfigurationName = Release;
		};
/* End XCConfigurationList section */
	};
	rootObject = 71546D4B1E13E22D006D80FB /* Project object */;
}
